// !$*UTF8*$!
{
	archiveVersion = 1;
	classes = {
	};
	objectVersion = 46;
	objects = {

/* Begin PBXBuildFile section */
		DD00386915083EC900C96DF4 /* WebKit.framework in Frameworks */ = {isa = PBXBuildFile; fileRef = DD00386815083EC900C96DF4 /* WebKit.framework */; };
		DD092DF915086F9B001BE39E /* WebController.m in Sources */ = {isa = PBXBuildFile; fileRef = DD092DF815086F9B001BE39E /* WebController.m */; };
		DD092DFB150875C1001BE39E /* Icon.icns in Resources */ = {isa = PBXBuildFile; fileRef = DD092DFA150875C1001BE39E /* Icon.icns */; };
		DD2A92F3150814E4005379DA /* Cocoa.framework in Frameworks */ = {isa = PBXBuildFile; fileRef = DD2A92F2150814E4005379DA /* Cocoa.framework */; };
		DD2A92FD150814E4005379DA /* InfoPlist.strings in Resources */ = {isa = PBXBuildFile; fileRef = DD2A92FB150814E4005379DA /* InfoPlist.strings */; };
		DD2A92FF150814E4005379DA /* main.m in Sources */ = {isa = PBXBuildFile; fileRef = DD2A92FE150814E4005379DA /* main.m */; };
		DD2A9303150814E4005379DA /* Credits.rtf in Resources */ = {isa = PBXBuildFile; fileRef = DD2A9301150814E4005379DA /* Credits.rtf */; };
		DD2A9306150814E4005379DA /* AppDelegate.m in Sources */ = {isa = PBXBuildFile; fileRef = DD2A9305150814E4005379DA /* AppDelegate.m */; };
		DD2A9309150814E5005379DA /* MainMenu.xib in Resources */ = {isa = PBXBuildFile; fileRef = DD2A9307150814E5005379DA /* MainMenu.xib */; };
/* End PBXBuildFile section */

/* Begin PBXFileReference section */
		DD00386815083EC900C96DF4 /* WebKit.framework */ = {isa = PBXFileReference; lastKnownFileType = wrapper.framework; name = WebKit.framework; path = System/Library/Frameworks/WebKit.framework; sourceTree = SDKROOT; };
		DD092DF715086F9B001BE39E /* WebController.h */ = {isa = PBXFileReference; fileEncoding = 4; lastKnownFileType = sourcecode.c.h; path = WebController.h; sourceTree = "<group>"; };
		DD092DF815086F9B001BE39E /* WebController.m */ = {isa = PBXFileReference; fileEncoding = 4; lastKnownFileType = sourcecode.c.objc; path = WebController.m; sourceTree = "<group>"; };
		DD092DFA150875C1001BE39E /* Icon.icns */ = {isa = PBXFileReference; lastKnownFileType = image.icns; path = Icon.icns; sourceTree = "<group>"; };
		DD2A92EE150814E4005379DA /* Visual.app */ = {isa = PBXFileReference; explicitFileType = wrapper.application; includeInIndex = 0; path = Visual.app; sourceTree = BUILT_PRODUCTS_DIR; };
		DD2A92F2150814E4005379DA /* Cocoa.framework */ = {isa = PBXFileReference; lastKnownFileType = wrapper.framework; name = Cocoa.framework; path = System/Library/Frameworks/Cocoa.framework; sourceTree = SDKROOT; };
		DD2A92F5150814E4005379DA /* AppKit.framework */ = {isa = PBXFileReference; lastKnownFileType = wrapper.framework; name = AppKit.framework; path = System/Library/Frameworks/AppKit.framework; sourceTree = SDKROOT; };
		DD2A92F6150814E4005379DA /* CoreData.framework */ = {isa = PBXFileReference; lastKnownFileType = wrapper.framework; name = CoreData.framework; path = System/Library/Frameworks/CoreData.framework; sourceTree = SDKROOT; };
		DD2A92F7150814E4005379DA /* Foundation.framework */ = {isa = PBXFileReference; lastKnownFileType = wrapper.framework; name = Foundation.framework; path = System/Library/Frameworks/Foundation.framework; sourceTree = SDKROOT; };
		DD2A92FA150814E4005379DA /* Visual-Info.plist */ = {isa = PBXFileReference; lastKnownFileType = text.plist.xml; path = "Visual-Info.plist"; sourceTree = "<group>"; };
		DD2A92FC150814E4005379DA /* en */ = {isa = PBXFileReference; lastKnownFileType = text.plist.strings; name = en; path = en.lproj/InfoPlist.strings; sourceTree = "<group>"; };
		DD2A92FE150814E4005379DA /* main.m */ = {isa = PBXFileReference; lastKnownFileType = sourcecode.c.objc; path = main.m; sourceTree = "<group>"; };
		DD2A9300150814E4005379DA /* Visual-Prefix.pch */ = {isa = PBXFileReference; lastKnownFileType = sourcecode.c.h; path = "Visual-Prefix.pch"; sourceTree = "<group>"; };
		DD2A9302150814E4005379DA /* en */ = {isa = PBXFileReference; lastKnownFileType = text.rtf; name = en; path = en.lproj/Credits.rtf; sourceTree = "<group>"; };
		DD2A9304150814E4005379DA /* AppDelegate.h */ = {isa = PBXFileReference; lastKnownFileType = sourcecode.c.h; path = AppDelegate.h; sourceTree = "<group>"; };
		DD2A9305150814E4005379DA /* AppDelegate.m */ = {isa = PBXFileReference; lastKnownFileType = sourcecode.c.objc; path = AppDelegate.m; sourceTree = "<group>"; };
		DD2A9308150814E5005379DA /* en */ = {isa = PBXFileReference; lastKnownFileType = file.xib; name = en; path = en.lproj/MainMenu.xib; sourceTree = "<group>"; };
		DD2A930F1508171B005379DA /* Quartz.framework */ = {isa = PBXFileReference; lastKnownFileType = wrapper.framework; name = Quartz.framework; path = System/Library/Frameworks/Quartz.framework; sourceTree = SDKROOT; };
/* End PBXFileReference section */

/* Begin PBXFrameworksBuildPhase section */
		DD2A92EB150814E4005379DA /* Frameworks */ = {
			isa = PBXFrameworksBuildPhase;
			buildActionMask = 2147483647;
			files = (
				DD00386915083EC900C96DF4 /* WebKit.framework in Frameworks */,
				DD2A92F3150814E4005379DA /* Cocoa.framework in Frameworks */,
			);
			runOnlyForDeploymentPostprocessing = 0;
		};
/* End PBXFrameworksBuildPhase section */

/* Begin PBXGroup section */
		DD092DFC150877FD001BE39E /* Resources */ = {
			isa = PBXGroup;
			children = (
				DD092DFA150875C1001BE39E /* Icon.icns */,
				DD2A9307150814E5005379DA /* MainMenu.xib */,
			);
			name = Resources;
			sourceTree = "<group>";
		};
		DD2A92E3150814E4005379DA = {
			isa = PBXGroup;
			children = (
				DD2A92F8150814E4005379DA /* Visual */,
				DD2A92F1150814E4005379DA /* Frameworks */,
				DD2A92EF150814E4005379DA /* Products */,
			);
			sourceTree = "<group>";
		};
		DD2A92EF150814E4005379DA /* Products */ = {
			isa = PBXGroup;
			children = (
				DD2A92EE150814E4005379DA /* Visual.app */,
			);
			name = Products;
			sourceTree = "<group>";
		};
		DD2A92F1150814E4005379DA /* Frameworks */ = {
			isa = PBXGroup;
			children = (
				DD2A92F2150814E4005379DA /* Cocoa.framework */,
				DD00386815083EC900C96DF4 /* WebKit.framework */,
				DD2A930F1508171B005379DA /* Quartz.framework */,
				DD2A92F4150814E4005379DA /* Other Frameworks */,
			);
			name = Frameworks;
			sourceTree = "<group>";
		};
		DD2A92F4150814E4005379DA /* Other Frameworks */ = {
			isa = PBXGroup;
			children = (
				DD2A92F5150814E4005379DA /* AppKit.framework */,
				DD2A92F6150814E4005379DA /* CoreData.framework */,
				DD2A92F7150814E4005379DA /* Foundation.framework */,
			);
			name = "Other Frameworks";
			sourceTree = "<group>";
		};
		DD2A92F8150814E4005379DA /* Visual */ = {
			isa = PBXGroup;
			children = (
				DD2A9304150814E4005379DA /* AppDelegate.h */,
				DD2A9305150814E4005379DA /* AppDelegate.m */,
				DD092DF715086F9B001BE39E /* WebController.h */,
				DD092DF815086F9B001BE39E /* WebController.m */,
				DD092DFC150877FD001BE39E /* Resources */,
				DD2A92F9150814E4005379DA /* Supporting Files */,
			);
			path = Visual;
			sourceTree = "<group>";
		};
		DD2A92F9150814E4005379DA /* Supporting Files */ = {
			isa = PBXGroup;
			children = (
				DD2A92FA150814E4005379DA /* Visual-Info.plist */,
				DD2A92FB150814E4005379DA /* InfoPlist.strings */,
				DD2A92FE150814E4005379DA /* main.m */,
				DD2A9300150814E4005379DA /* Visual-Prefix.pch */,
				DD2A9301150814E4005379DA /* Credits.rtf */,
			);
			name = "Supporting Files";
			sourceTree = "<group>";
		};
/* End PBXGroup section */

/* Begin PBXNativeTarget section */
		DD2A92ED150814E4005379DA /* Visual */ = {
			isa = PBXNativeTarget;
			buildConfigurationList = DD2A930C150814E5005379DA /* Build configuration list for PBXNativeTarget "Visual" */;
			buildPhases = (
				DD2A92EA150814E4005379DA /* Sources */,
				DD2A92EB150814E4005379DA /* Frameworks */,
				DD2A92EC150814E4005379DA /* Resources */,
			);
			buildRules = (
			);
			dependencies = (
			);
			name = Visual;
			productName = Visual;
			productReference = DD2A92EE150814E4005379DA /* Visual.app */;
			productType = "com.apple.product-type.application";
		};
/* End PBXNativeTarget section */

/* Begin PBXProject section */
		DD2A92E5150814E4005379DA /* Project object */ = {
			isa = PBXProject;
			attributes = {
				LastUpgradeCheck = 0430;
				ORGANIZATIONNAME = "Polar Bears Nanotechnology Research ©";
			};
			buildConfigurationList = DD2A92E8150814E4005379DA /* Build configuration list for PBXProject "Visual" */;
			compatibilityVersion = "Xcode 3.2";
			developmentRegion = English;
			hasScannedForEncodings = 0;
			knownRegions = (
				en,
			);
			mainGroup = DD2A92E3150814E4005379DA;
			productRefGroup = DD2A92EF150814E4005379DA /* Products */;
			projectDirPath = "";
			projectRoot = "";
			targets = (
				DD2A92ED150814E4005379DA /* Visual */,
			);
		};
/* End PBXProject section */

/* Begin PBXResourcesBuildPhase section */
		DD2A92EC150814E4005379DA /* Resources */ = {
			isa = PBXResourcesBuildPhase;
			buildActionMask = 2147483647;
			files = (
				DD2A92FD150814E4005379DA /* InfoPlist.strings in Resources */,
				DD2A9303150814E4005379DA /* Credits.rtf in Resources */,
				DD2A9309150814E5005379DA /* MainMenu.xib in Resources */,
				DD092DFB150875C1001BE39E /* Icon.icns in Resources */,
			);
			runOnlyForDeploymentPostprocessing = 0;
		};
/* End PBXResourcesBuildPhase section */

/* Begin PBXSourcesBuildPhase section */
		DD2A92EA150814E4005379DA /* Sources */ = {
			isa = PBXSourcesBuildPhase;
			buildActionMask = 2147483647;
			files = (
				DD2A92FF150814E4005379DA /* main.m in Sources */,
				DD2A9306150814E4005379DA /* AppDelegate.m in Sources */,
				DD092DF915086F9B001BE39E /* WebController.m in Sources */,
			);
			runOnlyForDeploymentPostprocessing = 0;
		};
/* End PBXSourcesBuildPhase section */

/* Begin PBXVariantGroup section */
		DD2A92FB150814E4005379DA /* InfoPlist.strings */ = {
			isa = PBXVariantGroup;
			children = (
				DD2A92FC150814E4005379DA /* en */,
			);
			name = InfoPlist.strings;
			sourceTree = "<group>";
		};
		DD2A9301150814E4005379DA /* Credits.rtf */ = {
			isa = PBXVariantGroup;
			children = (
				DD2A9302150814E4005379DA /* en */,
			);
			name = Credits.rtf;
			sourceTree = "<group>";
		};
		DD2A9307150814E5005379DA /* MainMenu.xib */ = {
			isa = PBXVariantGroup;
			children = (
				DD2A9308150814E5005379DA /* en */,
			);
			name = MainMenu.xib;
			sourceTree = "<group>";
		};
/* End PBXVariantGroup section */

/* Begin XCBuildConfiguration section */
		DD2A930A150814E5005379DA /* Debug */ = {
			isa = XCBuildConfiguration;
			buildSettings = {
				ALWAYS_SEARCH_USER_PATHS = NO;
				ARCHS = "$(ARCHS_STANDARD_64_BIT)";
				COPY_PHASE_STRIP = NO;
				GCC_C_LANGUAGE_STANDARD = gnu99;
				GCC_DYNAMIC_NO_PIC = NO;
				GCC_ENABLE_OBJC_EXCEPTIONS = YES;
				GCC_OPTIMIZATION_LEVEL = 0;
				GCC_PREPROCESSOR_DEFINITIONS = (
					"DEBUG=1",
					"$(inherited)",
				);
				GCC_SYMBOLS_PRIVATE_EXTERN = NO;
				GCC_VERSION = com.apple.compilers.llvm.clang.1_0;
				GCC_WARN_64_TO_32_BIT_CONVERSION = YES;
				GCC_WARN_ABOUT_RETURN_TYPE = YES;
				GCC_WARN_UNINITIALIZED_AUTOS = YES;
				GCC_WARN_UNUSED_VARIABLE = YES;
				MACOSX_DEPLOYMENT_TARGET = 10.7;
				ONLY_ACTIVE_ARCH = YES;
				SDKROOT = macosx;
			};
			name = Debug;
		};
		DD2A930B150814E5005379DA /* Release */ = {
			isa = XCBuildConfiguration;
			buildSettings = {
				ALWAYS_SEARCH_USER_PATHS = NO;
				ARCHS = "$(ARCHS_STANDARD_64_BIT)";
				COPY_PHASE_STRIP = YES;
				DEBUG_INFORMATION_FORMAT = "dwarf-with-dsym";
				GCC_C_LANGUAGE_STANDARD = gnu99;
				GCC_ENABLE_OBJC_EXCEPTIONS = YES;
				GCC_VERSION = com.apple.compilers.llvm.clang.1_0;
				GCC_WARN_64_TO_32_BIT_CONVERSION = YES;
				GCC_WARN_ABOUT_RETURN_TYPE = YES;
				GCC_WARN_UNINITIALIZED_AUTOS = YES;
				GCC_WARN_UNUSED_VARIABLE = YES;
				MACOSX_DEPLOYMENT_TARGET = 10.7;
				SDKROOT = macosx;
			};
			name = Release;
		};
		DD2A930D150814E5005379DA /* Debug */ = {
			isa = XCBuildConfiguration;
			buildSettings = {
				GCC_PRECOMPILE_PREFIX_HEADER = YES;
				GCC_PREFIX_HEADER = "Visual/Visual-Prefix.pch";
				INFOPLIST_FILE = "Visual/Visual-Info.plist";
				MACOSX_DEPLOYMENT_TARGET = 10.5;
				PRODUCT_NAME = "$(TARGET_NAME)";
				WRAPPER_EXTENSION = app;
			};
			name = Debug;
		};
		DD2A930E150814E5005379DA /* Release */ = {
			isa = XCBuildConfiguration;
			buildSettings = {
				GCC_PRECOMPILE_PREFIX_HEADER = YES;
				GCC_PREFIX_HEADER = "Visual/Visual-Prefix.pch";
				INFOPLIST_FILE = "Visual/Visual-Info.plist";
				MACOSX_DEPLOYMENT_TARGET = 10.5;
				PRODUCT_NAME = "$(TARGET_NAME)";
				WRAPPER_EXTENSION = app;
			};
			name = Release;
		};
/* End XCBuildConfiguration section */

/* Begin XCConfigurationList section */
		DD2A92E8150814E4005379DA /* Build configuration list for PBXProject "Visual" */ = {
			isa = XCConfigurationList;
			buildConfigurations = (
				DD2A930A150814E5005379DA /* Debug */,
				DD2A930B150814E5005379DA /* Release */,
			);
			defaultConfigurationIsVisible = 0;
			defaultConfigurationName = Release;
		};
		DD2A930C150814E5005379DA /* Build configuration list for PBXNativeTarget "Visual" */ = {
			isa = XCConfigurationList;
			buildConfigurations = (
				DD2A930D150814E5005379DA /* Debug */,
				DD2A930E150814E5005379DA /* Release */,
			);
			defaultConfigurationIsVisible = 0;
			defaultConfigurationName = Release;
		};
/* End XCConfigurationList section */
	};
	rootObject = DD2A92E5150814E4005379DA /* Project object */;
}
